version = 1
revision = 3
requires-python = ">=3.12"

[[package]]
name = "basedpyright"
version = "1.35.0"
source = { registry = "https://pypi.org/simple" }
dependencies = [
    { name = "nodejs-wheel-binaries" },
]
sdist = { url = "https://files.pythonhosted.org/packages/e1/97/45805d2432221d3b86fc9220ecc7f5a72acf9a688b5a80fb0f81ae146133/basedpyright-1.35.0.tar.gz", hash = "sha256:2a7e0bd476623d48499e2b18ff6ed19dc28c51909cf9e1152ad355b5809049ad", size = 22814712, upload-time = "2025-12-03T14:17:13.293Z" }
wheels = [
    { url = "https://files.pythonhosted.org/packages/91/b0/5d33b280b787bd972895e7c42f08dfd8cd960e680f386e3a950ccce411ad/basedpyright-1.35.0-py3-none-any.whl", hash = "sha256:4f4f84023df5a0cd4ee154916ba698596682ac98bacfa22c941ed6aaf07bba4e", size = 11872872, upload-time = "2025-12-03T14:17:09.749Z" },
]

[[package]]
name = "nodejs-wheel-binaries"
version = "22.20.0"
source = { registry = "https://pypi.org/simple" }
sdist = { url = "https://files.pythonhosted.org/packages/0f/54/02f58c8119e2f1984e2572cc77a7b469dbaf4f8d171ad376e305749ef48e/nodejs_wheel_binaries-22.20.0.tar.gz", hash = "sha256:a62d47c9fd9c32191dff65bbe60261504f26992a0a19fe8b4d523256a84bd351", size = 8058, upload-time = "2025-09-26T09:48:00.906Z" }
wheels = [
    { url = "https://files.pythonhosted.org/packages/24/6d/333e5458422f12318e3c3e6e7f194353aa68b0d633217c7e89833427ca01/nodejs_wheel_binaries-22.20.0-py2.py3-none-macosx_11_0_arm64.whl", hash = "sha256:455add5ac4f01c9c830ab6771dbfad0fdf373f9b040d3aabe8cca9b6c56654fb", size = 53246314, upload-time = "2025-09-26T09:47:32.536Z" },
    { url = "https://files.pythonhosted.org/packages/56/30/dcd6879d286a35b3c4c8f9e5e0e1bcf4f9e25fe35310fc77ecf97f915a23/nodejs_wheel_binaries-22.20.0-py2.py3-none-macosx_11_0_x86_64.whl", hash = "sha256:5d8c12f97eea7028b34a84446eb5ca81829d0c428dfb4e647e09ac617f4e21fa", size = 53644391, upload-time = "2025-09-26T09:47:36.093Z" },
    { url = "https://files.pythonhosted.org/packages/58/be/c7b2e7aa3bb281d380a1c531f84d0ccfe225832dfc3bed1ca171753b9630/nodejs_wheel_binaries-22.20.0-py2.py3-none-manylinux_2_17_aarch64.manylinux2014_aarch64.whl", hash = "sha256:7a2b0989194148f66e9295d8f11bc463bde02cbe276517f4d20a310fb84780ae", size = 60282516, upload-time = "2025-09-26T09:47:39.88Z" },
    { url = "https://files.pythonhosted.org/packages/3e/c5/8befacf4190e03babbae54cb0809fb1a76e1600ec3967ab8ee9f8fc85b65/nodejs_wheel_binaries-22.20.0-py2.py3-none-manylinux_2_17_x86_64.manylinux2014_x86_64.whl", hash = "sha256:b5c500aa4dc046333ecb0a80f183e069e5c30ce637f1c1a37166b2c0b642dc21", size = 60347290, upload-time = "2025-09-26T09:47:43.712Z" },
    { url = "https://files.pythonhosted.org/packages/c0/bd/cfffd1e334277afa0714962c6ec432b5fe339340a6bca2e5fa8e678e7590/nodejs_wheel_binaries-22.20.0-py2.py3-none-musllinux_1_2_aarch64.whl", hash = "sha256:3279eb1b99521f0d20a850bbfc0159a658e0e85b843b3cf31b090d7da9f10dfc", size = 62178798, upload-time = "2025-09-26T09:47:47.752Z" },
    { url = "https://files.pythonhosted.org/packages/08/14/10b83a9c02faac985b3e9f5e65d63a34fc0f46b48d8a2c3e4caa3e1e7318/nodejs_wheel_binaries-22.20.0-py2.py3-none-musllinux_1_2_x86_64.whl", hash = "sha256:d29705797b33bade62d79d8f106c2453c8a26442a9b2a5576610c0f7e7c351ed", size = 62772957, upload-time = "2025-09-26T09:47:51.266Z" },
    { url = "https://files.pythonhosted.org/packages/b4/a9/c6a480259aa0d6b270aac2c6ba73a97444b9267adde983a5b7e34f17e45a/nodejs_wheel_binaries-22.20.0-py2.py3-none-win_amd64.whl", hash = "sha256:4bd658962f24958503541963e5a6f2cc512a8cb301e48a69dc03c879f40a28ae", size = 40120431, upload-time = "2025-09-26T09:47:54.363Z" },
    { url = "https://files.pythonhosted.org/packages/42/b1/6a4eb2c6e9efa028074b0001b61008c9d202b6b46caee9e5d1b18c088216/nodejs_wheel_binaries-22.20.0-py2.py3-none-win_arm64.whl", hash = "sha256:1fccac931faa210d22b6962bcdbc99269d16221d831b9a118bbb80fe434a60b8", size = 38844133, upload-time = "2025-09-26T09:47:57.357Z" },
]

[[package]]
name = "ruff"
version = "0.14.8"
source = { registry = "https://pypi.org/simple" }
sdist = { url = "https://files.pythonhosted.org/packages/ed/d9/f7a0c4b3a2bf2556cd5d99b05372c29980249ef71e8e32669ba77428c82c/ruff-0.14.8.tar.gz", hash = "sha256:774ed0dd87d6ce925e3b8496feb3a00ac564bea52b9feb551ecd17e0a23d1eed", size = 5765385, upload-time = "2025-12-04T15:06:17.669Z" }
wheels = [
    { url = "https://files.pythonhosted.org/packages/48/b8/9537b52010134b1d2b72870cc3f92d5fb759394094741b09ceccae183fbe/ruff-0.14.8-py3-none-linux_armv6l.whl", hash = "sha256:ec071e9c82eca417f6111fd39f7043acb53cd3fde9b1f95bbed745962e345afb", size = 13441540, upload-time = "2025-12-04T15:06:14.896Z" },
    { url = "https://files.pythonhosted.org/packages/24/00/99031684efb025829713682012b6dd37279b1f695ed1b01725f85fd94b38/ruff-0.14.8-py3-none-macosx_10_12_x86_64.whl", hash = "sha256:8cdb162a7159f4ca36ce980a18c43d8f036966e7f73f866ac8f493b75e0c27e9", size = 13669384, upload-time = "2025-12-04T15:06:51.809Z" },
    { url = "https://files.pythonhosted.org/packages/72/64/3eb5949169fc19c50c04f28ece2c189d3b6edd57e5b533649dae6ca484fe/ruff-0.14.8-py3-none-macosx_11_0_arm64.whl", hash = "sha256:2e2fcbefe91f9fad0916850edf0854530c15bd1926b6b779de47e9ab619ea38f", size = 12806917, upload-time = "2025-12-04T15:06:08.925Z" },
    { url = "https://files.pythonhosted.org/packages/c4/08/5250babb0b1b11910f470370ec0cbc67470231f7cdc033cee57d4976f941/ruff-0.14.8-py3-none-manylinux_2_17_aarch64.manylinux2014_aarch64.whl", hash = "sha256:a9d70721066a296f45786ec31916dc287b44040f553da21564de0ab4d45a869b", size = 13256112, upload-time = "2025-12-04T15:06:23.498Z" },
    { url = "https://files.pythonhosted.org/packages/78/4c/6c588e97a8e8c2d4b522c31a579e1df2b4d003eddfbe23d1f262b1a431ff/ruff-0.14.8-py3-none-manylinux_2_17_armv7l.manylinux2014_armv7l.whl", hash = "sha256:2c87e09b3cd9d126fc67a9ecd3b5b1d3ded2b9c7fce3f16e315346b9d05cfb52", size = 13227559, upload-time = "2025-12-04T15:06:33.432Z" },
    { url = "https://files.pythonhosted.org/packages/23/ce/5f78cea13eda8eceac71b5f6fa6e9223df9b87bb2c1891c166d1f0dce9f1/ruff-0.14.8-py3-none-manylinux_2_17_i686.manylinux2014_i686.whl", hash = "sha256:1d62cb310c4fbcb9ee4ac023fe17f984ae1e12b8a4a02e3d21489f9a2a5f730c", size = 13896379, upload-time = "2025-12-04T15:06:02.687Z" },
    { url = "https://files.pythonhosted.org/packages/cf/79/13de4517c4dadce9218a20035b21212a4c180e009507731f0d3b3f5df85a/ruff-0.14.8-py3-none-manylinux_2_17_ppc64.manylinux2014_ppc64.whl", hash = "sha256:1af35c2d62633d4da0521178e8a2641c636d2a7153da0bac1b30cfd4ccd91344", size = 15372786, upload-time = "2025-12-04T15:06:29.828Z" },
    { url = "https://files.pythonhosted.org/packages/00/06/33df72b3bb42be8a1c3815fd4fae83fa2945fc725a25d87ba3e42d1cc108/ruff-0.14.8-py3-none-manylinux_2_17_ppc64le.manylinux2014_ppc64le.whl", hash = "sha256:25add4575ffecc53d60eed3f24b1e934493631b48ebbc6ebaf9d8517924aca4b", size = 14990029, upload-time = "2025-12-04T15:06:36.812Z" },
    { url = "https://files.pythonhosted.org/packages/64/61/0f34927bd90925880394de0e081ce1afab66d7b3525336f5771dcf0cb46c/ruff-0.14.8-py3-none-manylinux_2_17_s390x.manylinux2014_s390x.whl", hash = "sha256:4c943d847b7f02f7db4201a0600ea7d244d8a404fbb639b439e987edcf2baf9a", size = 14407037, upload-time = "2025-12-04T15:06:39.979Z" },
    { url = "https://files.pythonhosted.org/packages/96/bc/058fe0aefc0fbf0d19614cb6d1a3e2c048f7dc77ca64957f33b12cfdc5ef/ruff-0.14.8-py3-none-manylinux_2_17_x86_64.manylinux2014_x86_64.whl", hash = "sha256:cb6e8bf7b4f627548daa1b69283dac5a296bfe9ce856703b03130732e20ddfe2", size = 14102390, upload-time = "2025-12-04T15:06:46.372Z" },
    { url = "https://files.pythonhosted.org/packages/af/a4/e4f77b02b804546f4c17e8b37a524c27012dd6ff05855d2243b49a7d3cb9/ruff-0.14.8-py3-none-manylinux_2_31_riscv64.whl", hash = "sha256:7aaf2974f378e6b01d1e257c6948207aec6a9b5ba53fab23d0182efb887a0e4a", size = 14230793, upload-time = "2025-12-04T15:06:20.497Z" },
    { url = "https://files.pythonhosted.org/packages/3f/52/bb8c02373f79552e8d087cedaffad76b8892033d2876c2498a2582f09dcf/ruff-0.14.8-py3-none-musllinux_1_2_aarch64.whl", hash = "sha256:e5758ca513c43ad8a4ef13f0f081f80f08008f410790f3611a21a92421ab045b", size = 13160039, upload-time = "2025-12-04T15:06:49.06Z" },
    { url = "https://files.pythonhosted.org/packages/1f/ad/b69d6962e477842e25c0b11622548df746290cc6d76f9e0f4ed7456c2c31/ruff-0.14.8-py3-none-musllinux_1_2_armv7l.whl", hash = "sha256:f74f7ba163b6e85a8d81a590363bf71618847e5078d90827749bfda1d88c9cdf", size = 13205158, upload-time = "2025-12-04T15:06:54.574Z" },
    { url = "https://files.pythonhosted.org/packages/06/63/54f23da1315c0b3dfc1bc03fbc34e10378918a20c0b0f086418734e57e74/ruff-0.14.8-py3-none-musllinux_1_2_i686.whl", hash = "sha256:eed28f6fafcc9591994c42254f5a5c5ca40e69a30721d2ab18bb0bb3baac3ab6", size = 13469550, upload-time = "2025-12-04T15:05:59.209Z" },
    { url = "https://files.pythonhosted.org/packages/70/7d/a4d7b1961e4903bc37fffb7ddcfaa7beb250f67d97cfd1ee1d5cddb1ec90/ruff-0.14.8-py3-none-musllinux_1_2_x86_64.whl", hash = "sha256:21d48fa744c9d1cb8d71eb0a740c4dd02751a5de9db9a730a8ef75ca34cf138e", size = 14211332, upload-time = "2025-12-04T15:06:06.027Z" },
    { url = "https://files.pythonhosted.org/packages/5d/93/2a5063341fa17054e5c86582136e9895db773e3c2ffb770dde50a09f35f0/ruff-0.14.8-py3-none-win32.whl", hash = "sha256:15f04cb45c051159baebb0f0037f404f1dc2f15a927418f29730f411a79bc4e7", size = 13151890, upload-time = "2025-12-04T15:06:11.668Z" },
    { url = "https://files.pythonhosted.org/packages/02/1c/65c61a0859c0add13a3e1cbb6024b42de587456a43006ca2d4fd3d1618fe/ruff-0.14.8-py3-none-win_amd64.whl", hash = "sha256:9eeb0b24242b5bbff3011409a739929f497f3fb5fe3b5698aba5e77e8c833097", size = 14537826, upload-time = "2025-12-04T15:06:26.409Z" },
    { url = "https://files.pythonhosted.org/packages/6d/63/8b41cea3afd7f58eb64ac9251668ee0073789a3bc9ac6f816c8c6fef986d/ruff-0.14.8-py3-none-win_arm64.whl", hash = "sha256:965a582c93c63fe715fd3e3f8aa37c4b776777203d8e1d8aa3cc0c14424a4b99", size = 13634522, upload-time = "2025-12-04T15:06:43.212Z" },
]

[[package]]
name = "uv-dependency-submission"
version = "1.0.0"
source = { virtual = "." }

[package.dev-dependencies]
dev = [
    { name = "basedpyright" },
    { name = "ruff" },
]

[package.metadata]

[package.metadata.requires-dev]
dev = [
    { name = "basedpyright", specifier = "==1.35.0" },
    { name = "ruff", specifier = "==0.14.8" },
]
